{
  "nodes": {
    "flake-compat": {
      "flake": false,
      "locked": {
        "lastModified": 1696426674,
        "narHash": "sha256-kvjfFW7WAETZlt09AgDn1MrtKzP7t90Vf7vypd3OL1U=",
        "owner": "edolstra",
        "repo": "flake-compat",
        "rev": "0f9255e01c2351cc7d116c072cb317785dd33b33",
        "type": "github"
      },
      "original": {
        "owner": "edolstra",
        "repo": "flake-compat",
        "type": "github"
      }
    },
    "flake-parts": {
      "inputs": {
        "nixpkgs-lib": [
          "neovim-nightly-overlay",
          "nixpkgs"
        ]
      },
      "locked": {
        "lastModified": 1698882062,
        "narHash": "sha256-HkhafUayIqxXyHH1X8d9RDl1M2CkFgZLjKD3MzabiEo=",
        "owner": "hercules-ci",
        "repo": "flake-parts",
        "rev": "8c9fa2545007b49a5db5f650ae91f227672c3877",
        "type": "github"
      },
      "original": {
        "owner": "hercules-ci",
        "repo": "flake-parts",
        "type": "github"
      }
    },
    "flake-parts_2": {
      "inputs": {
        "nixpkgs-lib": [
          "neovim-nightly-overlay",
          "hercules-ci-effects",
          "nixpkgs"
        ]
      },
      "locked": {
        "lastModified": 1696343447,
        "narHash": "sha256-B2xAZKLkkeRFG5XcHHSXXcP7To9Xzr59KXeZiRf4vdQ=",
        "owner": "hercules-ci",
        "repo": "flake-parts",
        "rev": "c9afaba3dfa4085dbd2ccb38dfade5141e33d9d4",
        "type": "github"
      },
      "original": {
        "id": "flake-parts",
        "type": "indirect"
      }
    },
    "flake-utils": {
      "inputs": {
        "systems": "systems"
      },
      "locked": {
        "lastModified": 1685518550,
        "narHash": "sha256-o2d0KcvaXzTrPRIo0kOLV0/QXHhDQ5DTi+OxcjO8xqY=",
        "owner": "numtide",
        "repo": "flake-utils",
        "rev": "a1720a10a6cfe8234c0e93907ffe81be440f4cef",
        "type": "github"
      },
      "original": {
        "owner": "numtide",
        "repo": "flake-utils",
        "type": "github"
      }
    },
    "hercules-ci-effects": {
      "inputs": {
        "flake-parts": "flake-parts_2",
        "nixpkgs": [
          "neovim-nightly-overlay",
          "nixpkgs"
        ]
      },
      "locked": {
        "lastModified": 1699381651,
        "narHash": "sha256-mZlQ54xJs3j5+SJrLhzePPMXzS+Czbx7gNyOnOAQrHA=",
        "owner": "hercules-ci",
        "repo": "hercules-ci-effects",
        "rev": "0bd99f5ab7ec7a74c11238bd02bb29e709c14328",
        "type": "github"
      },
      "original": {
        "owner": "hercules-ci",
        "repo": "hercules-ci-effects",
        "type": "github"
      }
    },
    "home-manager": {
      "inputs": {
        "nixpkgs": [
          "nixpkgs"
        ]
      },
      "locked": {
        "lastModified": 1687041769,
        "narHash": "sha256-lPDVNMrDF/hOVy+P8pEtKzvSN/Akk9RbDcyNuvW1T+M=",
        "owner": "nix-community",
        "repo": "home-manager",
        "rev": "edf9cf65238609db16680be74fe28d4d4858476e",
        "type": "github"
      },
      "original": {
        "owner": "nix-community",
        "repo": "home-manager",
        "type": "github"
      }
    },
    "impermanence": {
      "locked": {
        "lastModified": 1684264534,
        "narHash": "sha256-K0zr+ry3FwIo3rN2U/VWAkCJSgBslBisvfRIPwMbuCQ=",
        "owner": "nix-community",
        "repo": "impermanence",
        "rev": "89253fb1518063556edd5e54509c30ac3089d5e6",
        "type": "github"
      },
      "original": {
        "owner": "nix-community",
        "repo": "impermanence",
        "type": "github"
      }
    },
    "neovim-flake": {
      "inputs": {
        "flake-utils": "flake-utils",
        "nixpkgs": [
          "neovim-nightly-overlay",
          "nixpkgs"
        ]
      },
      "locked": {
        "dir": "contrib",
        "lastModified": 1700037583,
        "narHash": "sha256-PR0CTwi1G23MrPUR6dT8U8hL6U6YogQPnfGTFDoBGbs=",
        "owner": "neovim",
        "repo": "neovim",
        "rev": "d92dd2a0c05148154c353f0e7cd2099b2427308a",
        "type": "github"
      },
      "original": {
        "dir": "contrib",
        "owner": "neovim",
        "repo": "neovim",
        "type": "github"
      }
    },
    "neovim-nightly-overlay": {
      "inputs": {
        "flake-compat": "flake-compat",
        "flake-parts": "flake-parts",
        "hercules-ci-effects": "hercules-ci-effects",
        "neovim-flake": "neovim-flake",
        "nixpkgs": [
          "nixpkgs"
        ]
      },
      "locked": {
        "lastModified": 1700069490,
        "narHash": "sha256-lzFqp58RQofM2zXKMPGHt3AH7uPmJy49CCJnn/dsTdI=",
        "owner": "nix-community",
        "repo": "neovim-nightly-overlay",
        "rev": "b4eb6912388de7e8952383c0764e5ef8fa66f48a",
        "type": "github"
      },
      "original": {
        "owner": "nix-community",
        "repo": "neovim-nightly-overlay",
        "type": "github"
      }
    },
    "nix-index-database": {
      "inputs": {
        "nixpkgs": [
          "nixpkgs"
        ]
      },
      "locked": {
        "lastModified": 1687097842,
        "narHash": "sha256-NPAaRZx5foWLgIPfEaiEZMr9JIlEQhLEVEXpx09341Q=",
        "owner": "nix-community",
        "repo": "nix-index-database",
        "rev": "c8210cb3fcde6860255b54ddba74dc177e6232cd",
        "type": "github"
      },
      "original": {
        "owner": "nix-community",
        "repo": "nix-index-database",
        "type": "github"
      }
    },
    "nixpkgs": {
      "locked": {
        "lastModified": 1686874495,
        "narHash": "sha256-2jRVTksNebk7rpJIaEgEpdHF1kmgod+Ge0/6vZ1d4Y8=",
        "owner": "Shados",
        "repo": "nixpkgs",
        "rev": "1e058c06f7868937017ee3959cac786c5deb834f",
        "type": "github"
      },
      "original": {
        "owner": "Shados",
        "ref": "local",
        "repo": "nixpkgs",
        "type": "github"
      }
    },
    "nur": {
      "locked": {
        "lastModified": 1697069045,
        "narHash": "sha256-80cy1s92pYIhD4FLaSAxLEgVcBo3gcX70GCm0Z7no9U=",
        "owner": "nix-community",
        "repo": "NUR",
        "rev": "b5f2b4924ed6f505b95c71acd1180475d12396fd",
        "type": "github"
      },
      "original": {
        "owner": "nix-community",
        "repo": "NUR",
        "type": "github"
      }
    },
    "root": {
      "inputs": {
        "home-manager": "home-manager",
        "impermanence": "impermanence",
        "neovim-nightly-overlay": "neovim-nightly-overlay",
        "nix-index-database": "nix-index-database",
        "nixpkgs": "nixpkgs",
        "nur": "nur",
        "sops-nix": "sops-nix"
      }
    },
    "sops-nix": {
      "inputs": {
        "nixpkgs": [
          "nixpkgs"
        ],
        "nixpkgs-stable": [
          "nixpkgs"
        ]
      },
      "locked": {
        "lastModified": 1693263624,
        "narHash": "sha256-GzmVIUKStC1HCzUb0YdGDPAewv4+KxCHKQZEZZDpApY=",
        "owner": "Mic92",
        "repo": "sops-nix",
        "rev": "c89ee06488706b587a22085b1844bf9ca6ba5687",
        "type": "github"
      },
      "original": {
        "owner": "Mic92",
        "repo": "sops-nix",
        "type": "github"
      }
    },
    "systems": {
      "locked": {
        "lastModified": 1681028828,
        "narHash": "sha256-Vy1rq5AaRuLzOxct8nz4T6wlgyUR7zLU309k9mBC768=",
        "owner": "nix-systems",
        "repo": "default",
        "rev": "da67096a3b9bf56a91d16901293e51ba5b49a27e",
        "type": "github"
      },
      "original": {
        "owner": "nix-systems",
        "repo": "default",
        "type": "github"
      }
    }
  },
  "root": "root",
  "version": 7
}
