{
  "nodes": {
    "flake-compat": {
      "flake": false,
      "locked": {
        "lastModified": 1696426674,
        "narHash": "sha256-kvjfFW7WAETZlt09AgDn1MrtKzP7t90Vf7vypd3OL1U=",
        "owner": "edolstra",
        "repo": "flake-compat",
        "rev": "0f9255e01c2351cc7d116c072cb317785dd33b33",
        "type": "github"
      },
      "original": {
        "owner": "edolstra",
        "repo": "flake-compat",
        "type": "github"
      }
    },
    "flake-compat_2": {
      "flake": false,
      "locked": {
        "lastModified": 1696426674,
        "narHash": "sha256-kvjfFW7WAETZlt09AgDn1MrtKzP7t90Vf7vypd3OL1U=",
        "owner": "edolstra",
        "repo": "flake-compat",
        "rev": "0f9255e01c2351cc7d116c072cb317785dd33b33",
        "type": "github"
      },
      "original": {
        "owner": "edolstra",
        "repo": "flake-compat",
        "type": "github"
      }
    },
    "flake-parts": {
      "inputs": {
        "nixpkgs-lib": [
          "neovim-nightly-overlay",
          "nixpkgs"
        ]
      },
      "locked": {
        "lastModified": 1715865404,
        "narHash": "sha256-/GJvTdTpuDjNn84j82cU6bXztE0MSkdnTWClUCRub78=",
        "owner": "hercules-ci",
        "repo": "flake-parts",
        "rev": "8dc45382d5206bd292f9c2768b8058a8fd8311d9",
        "type": "github"
      },
      "original": {
        "owner": "hercules-ci",
        "repo": "flake-parts",
        "type": "github"
      }
    },
    "flake-parts_2": {
      "inputs": {
        "nixpkgs-lib": [
          "neovim-nightly-overlay",
          "hercules-ci-effects",
          "nixpkgs"
        ]
      },
      "locked": {
        "lastModified": 1712014858,
        "narHash": "sha256-sB4SWl2lX95bExY2gMFG5HIzvva5AVMJd4Igm+GpZNw=",
        "owner": "hercules-ci",
        "repo": "flake-parts",
        "rev": "9126214d0a59633752a136528f5f3b9aa8565b7d",
        "type": "github"
      },
      "original": {
        "id": "flake-parts",
        "type": "indirect"
      }
    },
    "gitignore": {
      "inputs": {
        "nixpkgs": [
          "neovim-nightly-overlay",
          "pre-commit-hooks",
          "nixpkgs"
        ]
      },
      "locked": {
        "lastModified": 1709087332,
        "narHash": "sha256-HG2cCnktfHsKV0s4XW83gU3F57gaTljL9KNSuG6bnQs=",
        "owner": "hercules-ci",
        "repo": "gitignore.nix",
        "rev": "637db329424fd7e46cf4185293b9cc8c88c95394",
        "type": "github"
      },
      "original": {
        "owner": "hercules-ci",
        "repo": "gitignore.nix",
        "type": "github"
      }
    },
    "hercules-ci-effects": {
      "inputs": {
        "flake-parts": "flake-parts_2",
        "nixpkgs": [
          "neovim-nightly-overlay",
          "nixpkgs"
        ]
      },
      "locked": {
        "lastModified": 1713898448,
        "narHash": "sha256-6q6ojsp/Z9P2goqnxyfCSzFOD92T3Uobmj8oVAicUOs=",
        "owner": "hercules-ci",
        "repo": "hercules-ci-effects",
        "rev": "c0302ec12d569532a6b6bd218f698bc402e93adc",
        "type": "github"
      },
      "original": {
        "owner": "hercules-ci",
        "repo": "hercules-ci-effects",
        "type": "github"
      }
    },
    "home-manager": {
      "locked": {
        "lastModified": 1684264534,
        "narHash": "sha256-K0zr+ry3FwIo3rN2U/VWAkCJSgBslBisvfRIPwMbuCQ=",
        "owner": "nix-community",
        "repo": "home-manager",
        "rev": "89253fb1518063556edd5e54509c30ac3089d5e6",
        "type": "github"
      },
      "original": {
        "owner": "nix-community",
        "repo": "home-manager",
        "type": "github"
      }
    },
    "impermanence": {
      "locked": {
        "lastModified": 1708968331,
        "narHash": "sha256-VUXLaPusCBvwM3zhGbRIJVeYluh2uWuqtj4WirQ1L9Y=",
        "owner": "nix-community",
        "repo": "impermanence",
        "rev": "a33ef102a02ce77d3e39c25197664b7a636f9c30",
        "type": "github"
      },
      "original": {
        "owner": "nix-community",
        "repo": "impermanence",
        "type": "github"
      }
    },
    "neovim-nightly-overlay": {
      "inputs": {
        "flake-compat": "flake-compat",
        "flake-parts": "flake-parts",
        "hercules-ci-effects": "hercules-ci-effects",
        "neovim-src": "neovim-src",
        "nixpkgs": [
          "nixpkgs"
        ],
        "pre-commit-hooks": "pre-commit-hooks"
      },
      "locked": {
        "lastModified": 1716760058,
        "narHash": "sha256-5fMMNezTARjbc8HgEkvcOazlrsBBzlKSMVp56xTCY2g=",
        "owner": "nix-community",
        "repo": "neovim-nightly-overlay",
        "rev": "0c1fc48841eda5e35402327b1a71f4bb034a012c",
        "type": "github"
      },
      "original": {
        "owner": "nix-community",
        "repo": "neovim-nightly-overlay",
        "type": "github"
      }
    },
    "neovim-src": {
      "flake": false,
      "locked": {
        "lastModified": 1716642936,
        "narHash": "sha256-l53vGzYIy6tI1rYBlbxW502sDgpmZ4i/uTdWWtPKPtM=",
        "owner": "neovim",
        "repo": "neovim",
        "rev": "52389e724366ebb2fb58f08c657f580900dd09ee",
        "type": "github"
      },
      "original": {
        "owner": "neovim",
        "repo": "neovim",
        "type": "github"
      }
    },
    "nix-index-database": {
      "inputs": {
        "nixpkgs": [
          "nixpkgs"
        ]
      },
      "locked": {
        "lastModified": 1716772633,
        "narHash": "sha256-Idcye44UW+EgjbjCoklf2IDF+XrehV6CVYvxR1omst4=",
        "owner": "nix-community",
        "repo": "nix-index-database",
        "rev": "ff80cb4a11bb87f3ce8459be6f16a25ac86eb2ac",
        "type": "github"
      },
      "original": {
        "owner": "nix-community",
        "repo": "nix-index-database",
        "type": "github"
      }
    },
    "nixpkgs": {
      "locked": {
        "lastModified": 1686874495,
        "narHash": "sha256-2jRVTksNebk7rpJIaEgEpdHF1kmgod+Ge0/6vZ1d4Y8=",
        "owner": "Shados",
        "repo": "nixpkgs",
        "rev": "1e058c06f7868937017ee3959cac786c5deb834f",
        "type": "github"
      },
      "original": {
        "owner": "Shados",
        "ref": "local",
        "repo": "nixpkgs",
        "type": "github"
      }
    },
    "nur": {
      "locked": {
        "lastModified": 1716800802,
        "narHash": "sha256-HNsRW1VXnvrKMySG3VKgH5gaY51Jx25Dnz4t6Cgbnlg=",
        "owner": "nix-community",
        "repo": "NUR",
        "rev": "f90c81f5a7bd57ca2b83ac42bb5cef4a1f172499",
        "type": "github"
      },
      "original": {
        "owner": "nix-community",
        "repo": "NUR",
        "type": "github"
      }
    },
    "pre-commit-hooks": {
      "inputs": {
        "flake-compat": "flake-compat_2",
        "gitignore": "gitignore",
        "nixpkgs": [
          "neovim-nightly-overlay",
          "nixpkgs"
        ],
        "nixpkgs-stable": [
          "neovim-nightly-overlay",
          "nixpkgs"
        ]
      },
      "locked": {
        "lastModified": 1716213921,
        "narHash": "sha256-xrsYFST8ij4QWaV6HEokCUNIZLjjLP1bYC60K8XiBVA=",
        "owner": "cachix",
        "repo": "git-hooks.nix",
        "rev": "0e8fcc54b842ad8428c9e705cb5994eaf05c26a0",
        "type": "github"
      },
      "original": {
        "owner": "cachix",
        "repo": "git-hooks.nix",
        "type": "github"
      }
    },
    "root": {
      "inputs": {
        "home-manager": "home-manager",
        "impermanence": "impermanence",
        "neovim-nightly-overlay": "neovim-nightly-overlay",
        "nix-index-database": "nix-index-database",
        "nixpkgs": "nixpkgs",
        "nur": "nur",
        "sops-nix": "sops-nix"
      }
    },
    "sops-nix": {
      "inputs": {
        "nixpkgs": [
          "nixpkgs"
        ],
        "nixpkgs-stable": [
          "nixpkgs"
        ]
      },
      "locked": {
        "lastModified": 1716692524,
        "narHash": "sha256-sALodaA7Zkp/JD6ehgwc0UCBrSBfB4cX66uFGTsqeFU=",
        "owner": "Mic92",
        "repo": "sops-nix",
        "rev": "962797a8d7f15ed7033031731d0bb77244839960",
        "type": "github"
      },
      "original": {
        "owner": "Mic92",
        "repo": "sops-nix",
        "type": "github"
      }
    }
  },
  "root": "root",
  "version": 7
}
